
Microsoft Visual Studio Solution File, Format Version 12.00
# Visual Studio 15
Project("{FAE04EC0-301F-11D3-BF4B-00C04F79EFBC}") = "JsonToExcelMapper", "JsonToExcelMapper\JsonToExcelMapper.csproj", "{FE833D46-0A60-42EE-B9AC-4FF50234ACEA}"
EndProject
Global
	GlobalSection(SolutionConfigurationPlatforms) = preSolution
		Debug|anycpu = Debug|anycpu
		Release|anycpu = Release|anycpu
	EndGlobalSection
	GlobalSection(ProjectConfigurationPlatforms) = postSolution
		{FE833D46-0A60-42EE-B9AC-4FF50234ACEA}.Debug|anycpu.ActiveCfg = Debug|anycpu
		{FE833D46-0A60-42EE-B9AC-4FF50234ACEA}.Debug|anycpu.Build.0 = Debug|anycpu
		{FE833D46-0A60-42EE-B9AC-4FF50234ACEA}.Release|anycpu.ActiveCfg = Release|anycpu
		{FE833D46-0A60-42EE-B9AC-4FF50234ACEA}.Release|anycpu.Build.0 = Release|anycpu
	EndGlobalSection
EndGlobal
